Microsoft Visual Studio Solution File, Format Version 11.00
# Visual Studio 2008

Project("{233EE2F1-BA8B-3BA1-2ADC-089349E34695}") = "Plataforma25D", "Assembly-CSharp.csproj", "{E4C151CD-5501-928C-7A7C-D0E4F9F677A2}"
EndProject
Global
	GlobalSection(SolutionConfigurationPlatforms) = preSolution
		Debug|Any CPU = Debug|Any CPU
		Release|Any CPU = Release|Any CPU
	EndGlobalSection
	GlobalSection(ProjectConfigurationPlatforms) = postSolution
		{E4C151CD-5501-928C-7A7C-D0E4F9F677A2}.Debug|Any CPU.ActiveCfg = Debug|Any CPU
		{E4C151CD-5501-928C-7A7C-D0E4F9F677A2}.Debug|Any CPU.Build.0 = Debug|Any CPU
		{E4C151CD-5501-928C-7A7C-D0E4F9F677A2}.Release|Any CPU.ActiveCfg = Release|Any CPU
		{E4C151CD-5501-928C-7A7C-D0E4F9F677A2}.Release|Any CPU.Build.0 = Release|Any CPU
	EndGlobalSection
	GlobalSection(SolutionProperties) = preSolution
		HideSolutionNode = FALSE
	EndGlobalSection
																	GlobalSection(MonoDevelopProperties) = preSolution
		StartupItem = Assembly-CSharp.csproj
		Policies = $0
		$0.TextStylePolicy = $1
		$1.inheritsSet = null
		$1.scope = text/x-csharp
		$0.CSharpFormattingPolicy = $2
		$2.inheritsSet = Mono
		$2.inheritsScope = text/x-csharp
		$2.scope = text/x-csharp
		$0.TextStylePolicy = $3
		$3.FileWidth = 120
		$3.TabWidth = 4
		$3.IndentWidth = 4
		$3.EolMarker = Unix
		$3.inheritsSet = Mono
		$3.inheritsScope = text/plain
		$3.scope = text/plain
	EndGlobalSection

EndGlobal
